<Solution>
  <Folder Name="/.github/">
    <File Path=".github/dependabot.yml" />
    <File Path=".github/workflows/_build-test.yml" />
    <File Path=".github/workflows/ci.yml" />
    <File Path=".github/workflows/release.yml" />
    <File Path=".github/PULL_REQUEST_TEMPLATE.md" />
  </Folder>
  <Folder Name="/.github/ISSUE_TEMPLATE/">
    <File Path=".github/ISSUE_TEMPLATE/bug_report.md" />
    <File Path=".github/ISSUE_TEMPLATE/feature_request.md" />
  </Folder>
  <Folder Name="/Solution Items/">
    <File Path="CLAUDE.md" />
    <File Path="README.md" />
    <File Path="SOURCES.md" />
    <File Path="CHANGELOG.md" />
    <File Path="CONTRIBUTING.md" />
    <File Path="CODE_OF_CONDUCT.md" />
    <File Path="SECURITY.md" />
    <File Path="LICENSE" />
    <File Path="repository.yaml" />
    <File Path="Directory.Build.props" />
    <File Path=".gitignore" />
    <File Path=".gitattributes" />
  </Folder>
  <Folder Name="/.claude/">
    <File Path=".claude/settings.json" />
    <File Path=".claude/launch.json" />
  </Folder>
  <Folder Name="/.claude/hooks/">
    <File Path=".claude/hooks/session-start.sh" />
  </Folder>
  <Folder Name="/addon/">
    <File Path="addon/config.yaml" />
    <File Path="addon/apparmor.txt" />
    <File Path="addon/README.md" />
    <File Path="addon/DOCS.md" />
    <File Path="addon/CHANGELOG.md" />
    <File Path="addon/icon.png" />
    <File Path="addon/icon.svg" />
    <File Path="addon/logo.png" />
    <File Path="addon/logo.svg" />
    <File Path="addon/translations/en.yaml" />
    <File Path="addon/translations/nl.yaml" />
    <File Path="addon/translations/de.yaml" />
  </Folder>
  <Folder Name="/data/" />
  <Folder Name="/data/sources/">
    <File Path="data/sources/manifest.json" />
    <File Path="data/sources/quotinator-curated.json" />
    <File Path="data/sources/vilaboim_movie-quotes.json" />
    <File Path="data/sources/NikhilNamal17_popular-movie-quotes.json" />
  </Folder>
  <Folder Name="/docker/">
    <File Path="docker/Dockerfile" />
    <File Path="docker/docker-compose.yml" />
    <File Path=".dockerignore" />
  </Folder>
  <Folder Name="/docs/">
    <File Path="docs/README.md" />
    <File Path="docs/ci-cd.md" />
    <File Path="docs/data-access.md" />
    <File Path="docs/data-import.md" />
    <File Path="docs/docker.md" />
    <File Path="docs/home-assistant.md" />
    <File Path="docs/localisation.md" />
    <File Path="docs/openapi.md" />
    <File Path="docs/running-locally.md" />
    <File Path="docs/sql-safety.md" />
    <File Path="docs/logging.md" />
    <File Path="docs/release-verification.md" />
    <File Path="docs/testing-policy.md" />
    <File Path="docs/troubleshooting.md" />
    <File Path="docs/vocabulary.md" />
  </Folder>
  <Folder Name="/docs/decisions/">
    <File Path="docs/decisions/README.md" />
  </Folder>
  <Folder Name="/docs/architecture-decisions/">
    <File Path="docs/architecture-decisions/README.md" />
    <File Path="docs/architecture-decisions/001-cve-2025-6965-sql-aggregate-guard.md" />
    <File Path="docs/architecture-decisions/002-recordbase-on-all-tables.md" />
    <File Path="docs/architecture-decisions/003-unit-of-work-and-data-project-design-goals.md" />
    <File Path="docs/architecture-decisions/004-quotinator-data-project-boundaries.md" />
    <File Path="docs/architecture-decisions/005-quotinator-changelog-project-scope.md" />
    <File Path="docs/architecture-decisions/006-sequential-test-execution-by-default.md" />
  </Folder>
  <Folder Name="/docs/milestones/">
    <File Path="docs/milestones/README.md" />
    <File Path="docs/milestones/open-issue-audit.md" />
  </Folder>
  <Folder Name="/docs/milestones/data-import-sources/">
    <File Path="docs/milestones/data-import-sources/README.md" />
    <File Path="docs/milestones/data-import-sources/overview.md" />
    <File Path="docs/milestones/data-import-sources/45-import-endpoint-plan.md" />
    <File Path="docs/milestones/data-import-sources/55-record-completeness-plan.md" />
    <File Path="docs/milestones/data-import-sources/56-audit-log-plan.md" />
    <File Path="docs/milestones/data-import-sources/57-seed-script-dedup-plan.md" />
    <File Path="docs/milestones/data-import-sources/58-import-batches-schema-plan.md" />
    <File Path="docs/milestones/data-import-sources/59-admin-soft-reset-plan.md" />
    <File Path="docs/milestones/data-import-sources/61-seed-script-per-source-plan.md" />
    <File Path="docs/milestones/data-import-sources/62-folder-based-seeder-plan.md" />
    <File Path="docs/milestones/data-import-sources/63-import-manifest-plan.md" />
    <File Path="docs/milestones/data-import-sources/64-conflict-resolution-plan.md" />
    <File Path="docs/milestones/data-import-sources/65-preview-dry-run-plan.md" />
    <File Path="docs/milestones/data-import-sources/67-conversations-schema-plan.md" />
    <File Path="docs/milestones/data-import-sources/68-curated-json-conversations-plan.md" />
    <File Path="docs/milestones/data-import-sources/69-api-conversations-plan.md" />
    <File Path="docs/milestones/data-import-sources/71-generic-repository-plan.md" />
    <File Path="docs/milestones/data-import-sources/72-cve-sql-audit-plan.md" />
    <File Path="docs/milestones/data-import-sources/78-repository-transaction-plan.md" />
    <File Path="docs/milestones/data-import-sources/140-auto-update-sources-plan.md" />
    <File Path="docs/milestones/data-import-sources/141-system-table-preservation-plan.md" />
    <File Path="docs/milestones/data-import-sources/143-migration-ownership-baseline-plan.md" />
    <File Path="docs/milestones/data-import-sources/149-manual-conflict-review-plan.md" />
  </Folder>
  <Folder Name="/docs/milestones/v1-7-0/">
    <File Path="docs/milestones/v1-7-0/overview.md" />
    <File Path="docs/milestones/v1-7-0/70-ci-workflow-plan.md" />
    <File Path="docs/milestones/v1-7-0/73-audit-trail-plan.md" />
    <File Path="docs/milestones/v1-7-0/74-read-model-query-plan.md" />
    <File Path="docs/milestones/v1-7-0/75-master-detail-plan.md" />
    <File Path="docs/milestones/v1-7-0/76-one-to-one-plan.md" />
    <File Path="docs/milestones/v1-7-0/77-many-to-many-plan.md" />
    <File Path="docs/milestones/v1-7-0/109-search-endpoint-plan.md" />
    <File Path="docs/milestones/v1-7-0/109-search-bugs-plan.md" />
    <File Path="docs/milestones/v1-7-0/111-flaky-test-plan.md" />
    <File Path="docs/milestones/v1-7-0/115-dapper-core-refactor-plan.md" />
    <File Path="docs/milestones/v1-7-0/117-dotnet-env-plan.md" />
    <File Path="docs/milestones/v1-7-0/121-remove-dapper-from-core-plan.md" />
    <File Path="docs/milestones/v1-7-0/125-request-log-format-plan.md" />
    <File Path="docs/milestones/v1-7-0/126-validation-status-codes-plan.md" />
  </Folder>
  <Folder Name="/docs/milestones/v1-7-0/audit/issue-117/">
    <File Path="docs/milestones/v1-7-0/audit/issue-117/README.md" />
    <File Path="docs/milestones/v1-7-0/audit/issue-117/log-1-build.txt" />
    <File Path="docs/milestones/v1-7-0/audit/issue-117/log-2-tests.txt" />
    <File Path="docs/milestones/v1-7-0/audit/issue-117/log-3-changelog.txt" />
  </Folder>
  <Folder Name="/docs/milestones/changelog-handling/">
    <File Path="docs/milestones/changelog-handling/overview.md" />
    <File Path="docs/milestones/changelog-handling/80-json-changelog-plan.md" />
    <File Path="docs/milestones/changelog-handling/82-changelog-translations-plan.md" />
    <File Path="docs/milestones/changelog-handling/82-per-language-files-handover.md" />
    <File Path="docs/milestones/changelog-handling/82-plan.md" />
    <File Path="docs/milestones/changelog-handling/handover.md" />
  </Folder>
  <Folder Name="/docs/milestones/developer-documentation/">
    <File Path="docs/milestones/developer-documentation/overview.md" />
    <File Path="docs/milestones/developer-documentation/93-testing-policy-plan.md" />
    <File Path="docs/milestones/developer-documentation/94-living-milestone-plan.md" />
    <File Path="docs/milestones/developer-documentation/104-changelog-checklist-plan.md" />
  </Folder>
  <Folder Name="/docs/security/">
    <File Path="docs/security/README.md" />
  </Folder>
  <Folder Name="/docs/workflow/">
    <File Path="docs/workflow/README.md" />
    <File Path="docs/workflow/checklist.md" />
    <File Path="docs/workflow/issue-audit.md" />
    <File Path="docs/workflow/issue-closure.md" />
    <File Path="docs/workflow/issues.md" />
    <File Path="docs/workflow/process.md" />
    <File Path="docs/workflow/release.md" />
    <File Path="docs/workflow/cve.md" />
    <File Path="docs/workflow/cve-template.md" />
  </Folder>
  <Folder Name="/schemas/">
    <File Path="schemas/manifest.schema.json" />
    <File Path="schemas/source-flat.schema.json" />
    <File Path="schemas/source-extended.schema.json" />
    <File Path="schemas/upstream-quoted-string.schema.json" />
    <File Path="schemas/upstream-object-array.schema.json" />
    <File Path="schemas/changelog.schema.json" />
  </Folder>
  <Folder Name="/scripts/">
    <File Path="scripts/README.md" />
    <File Path="scripts/changelog.csx" />
    <File Path="scripts/changelog-import.csx" />
    <File Path="scripts/changelog-upgrade.csx" />
    <File Path="scripts/SOURCES.md" />
  </Folder>
  <Folder Name="/scripts/changelog-reference/">
    <File Path="scripts/changelog-reference/CHANGELOG.md" />
    <File Path="scripts/changelog-reference/addon-CHANGELOG.md" />
    <File Path="scripts/changelog-reference/changelog-root.json" />
    <File Path="scripts/changelog-reference/changelog-highlights.json" />
    <File Path="scripts/changelog-reference/changelog-ha-addon.json" />
    <File Path="scripts/changelog-reference/changelog-from-reference.json" />
    <File Path="scripts/changelog-reference/addon-changelog-from-reference.json" />
    <File Path="scripts/changelog-reference/addon-changelog-highlights.json" />
    <File Path="scripts/changelog-reference/target-changelog.json" />
  </Folder>
  <Folder Name="/scripts/hooks/">
    <File Path="scripts/hooks/README.md" />
    <File Path="scripts/hooks/commit-msg" />
  </Folder>
  <Folder Name="/Solution/">
    <File Path="tests/Quotinator.Api.Tests/Solution/RepositoryStructureTests.cs" />
  </Folder>
  <Folder Name="/Solution/Fixtures/">
    <File Path="tests/Quotinator.Api.Tests/Solution/Fixtures/vilaboim_raw.json" />
    <File Path="tests/Quotinator.Api.Tests/Solution/Fixtures/nikhilnamal17_raw.json" />
  </Folder>
  <Folder Name="/src/">
    <Project Path="src/Quotinator.Api/Quotinator.Api.csproj" />
    <Project Path="src/Quotinator.Changelog/Quotinator.Changelog.csproj" />
    <Project Path="src/Quotinator.Constants/Quotinator.Constants.csproj" />
    <Project Path="src/Quotinator.Converters.Csv/Quotinator.Converters.Csv.csproj" />
    <Project Path="src/Quotinator.Converters.NikhilNamal17/Quotinator.Converters.NikhilNamal17.csproj" />
    <Project Path="src/Quotinator.Converters.Vilaboim/Quotinator.Converters.Vilaboim.csproj" />
    <Project Path="src/Quotinator.Core/Quotinator.Core.csproj" />
    <Project Path="src/Quotinator.Data/Quotinator.Data.csproj" />
    <Project Path="src/Quotinator.Engine/Quotinator.Engine.csproj" />
    <Project Path="src/Quotinator.Data.Testing/Quotinator.Data.Testing.csproj" />
    <File Path="src/Quotinator.Api/resources/changelog.en.json" />
    <File Path="src/Quotinator.Api/resources/changelog.nl.json" />
    <File Path="src/Quotinator.Api/resources/changelog.de.json" />
  </Folder>
  <Folder Name="/tools/">
    <Project Path="tools/Quotinator.Tools.DbInspector/Quotinator.Tools.DbInspector.csproj" />
  </Folder>
  <Folder Name="/tests/">
    <Project Path="tests/Quotinator.Api.Tests/Quotinator.Api.Tests.csproj" />
    <Project Path="tests/Quotinator.Changelog.Tests/Quotinator.Changelog.Tests.csproj" />
    <Project Path="tests/Quotinator.Constants.Tests/Quotinator.Constants.Tests.csproj" />
    <Project Path="tests/Quotinator.Converters.Csv.Tests/Quotinator.Converters.Csv.Tests.csproj" />
    <Project Path="tests/Quotinator.Converters.NikhilNamal17.Tests/Quotinator.Converters.NikhilNamal17.Tests.csproj" />
    <Project Path="tests/Quotinator.Converters.Vilaboim.Tests/Quotinator.Converters.Vilaboim.Tests.csproj" />
    <Project Path="tests/Quotinator.Core.Tests/Quotinator.Core.Tests.csproj" />
    <Project Path="tests/Quotinator.Data.Example/Quotinator.Data.Example.csproj" />
    <Project Path="tests/Quotinator.Data.Tests/Quotinator.Data.Tests.csproj" />
    <Project Path="tests/Quotinator.Data.Testing.Tests/Quotinator.Data.Testing.Tests.csproj" />
    <Project Path="tests/Quotinator.Engine.Tests/Quotinator.Engine.Tests.csproj" />
    <Project Path="tests/Quotinator.Tools.DbInspector.Tests/Quotinator.Tools.DbInspector.Tests.csproj" />
  </Folder>
  <Folder Name="/CVE/" />
  <Folder Name="/CVE/Quotinator.Api/">
    <File Path="src/Quotinator.Api/CVE/.gitkeep" />
  </Folder>
  <Folder Name="/CVE/Quotinator.Api/archived/">
    <File Path="src/Quotinator.Api/CVE/archived/CVE-2026-49451.md" />
  </Folder>
  <Folder Name="/CVE/Quotinator.Api.Tests/">
    <File Path="tests/Quotinator.Api.Tests/CVE/.gitkeep" />
  </Folder>
  <Folder Name="/CVE/Quotinator.Changelog/">
    <File Path="src/Quotinator.Changelog/CVE/.gitkeep" />
  </Folder>
  <Folder Name="/CVE/Quotinator.Changelog.Tests/">
    <File Path="tests/Quotinator.Changelog.Tests/CVE/.gitkeep" />
  </Folder>
  <Folder Name="/CVE/Quotinator.Constants/">
    <File Path="src/Quotinator.Constants/CVE/.gitkeep" />
  </Folder>
  <Folder Name="/CVE/Quotinator.Constants.Tests/">
    <File Path="tests/Quotinator.Constants.Tests/CVE/.gitkeep" />
  </Folder>
  <Folder Name="/CVE/Quotinator.Converters.Csv/">
    <File Path="src/Quotinator.Converters.Csv/CVE/.gitkeep" />
  </Folder>
  <Folder Name="/CVE/Quotinator.Converters.Csv.Tests/">
    <File Path="tests/Quotinator.Converters.Csv.Tests/CVE/.gitkeep" />
  </Folder>
  <Folder Name="/CVE/Quotinator.Converters.NikhilNamal17/">
    <File Path="src/Quotinator.Converters.NikhilNamal17/CVE/.gitkeep" />
  </Folder>
  <Folder Name="/CVE/Quotinator.Converters.NikhilNamal17.Tests/">
    <File Path="tests/Quotinator.Converters.NikhilNamal17.Tests/CVE/.gitkeep" />
  </Folder>
  <Folder Name="/CVE/Quotinator.Converters.Vilaboim/">
    <File Path="src/Quotinator.Converters.Vilaboim/CVE/.gitkeep" />
  </Folder>
  <Folder Name="/CVE/Quotinator.Converters.Vilaboim.Tests/">
    <File Path="tests/Quotinator.Converters.Vilaboim.Tests/CVE/.gitkeep" />
  </Folder>
  <Folder Name="/CVE/Quotinator.Core/">
    <File Path="src/Quotinator.Core/CVE/CVE-2025-6965.md" />
  </Folder>
  <Folder Name="/CVE/Quotinator.Core.Tests/">
    <File Path="tests/Quotinator.Core.Tests/CVE/.gitkeep" />
  </Folder>
  <Folder Name="/CVE/Quotinator.Data/">
    <File Path="src/Quotinator.Data/CVE/CVE-2025-6965.md" />
  </Folder>
  <Folder Name="/CVE/Quotinator.Data.Example/">
    <File Path="tests/Quotinator.Data.Example/CVE/.gitkeep" />
  </Folder>
  <Folder Name="/CVE/Quotinator.Data.Tests/">
    <File Path="tests/Quotinator.Data.Tests/CVE/CVE-2025-6965.md" />
  </Folder>
  <Folder Name="/CVE/Quotinator.Data.Testing/">
    <File Path="src/Quotinator.Data.Testing/CVE/.gitkeep" />
  </Folder>
  <Folder Name="/CVE/Quotinator.Data.Testing.Tests/">
    <File Path="tests/Quotinator.Data.Testing.Tests/CVE/.gitkeep" />
  </Folder>
  <Folder Name="/CVE/Quotinator.Engine/">
    <File Path="src/Quotinator.Engine/CVE/.gitkeep" />
  </Folder>
  <Folder Name="/CVE/Quotinator.Engine.Tests/">
    <File Path="tests/Quotinator.Engine.Tests/CVE/.gitkeep" />
  </Folder>
  <Folder Name="/CVE/Quotinator.Tools.DbInspector/">
    <File Path="tools/Quotinator.Tools.DbInspector/CVE/.gitkeep" />
  </Folder>
  <Folder Name="/CVE/Quotinator.Tools.DbInspector.Tests/">
    <File Path="tests/Quotinator.Tools.DbInspector.Tests/CVE/.gitkeep" />
  </Folder>
</Solution>
